
Microsoft Visual Studio Solution File, Format Version 12.00
# Visual Studio 15
Project("{FAE04EC0-301F-11D3-BF4B-00C04F79EFBC}") = "Assembly-CSharp", "Assembly-CSharp.csproj", "{ABA53E5B-35E9-40DE-0C95-B784708A01B1}"
EndProject
Project("{FAE04EC0-301F-11D3-BF4B-00C04F79EFBC}") = "sc.terrain.painter.runtime", "sc.terrain.painter.runtime.csproj", "{DCC1DD1B-74A8-CC92-85FB-D8269A67B57C}"
EndProject
Project("{FAE04EC0-301F-11D3-BF4B-00C04F79EFBC}") = "sc.terrain.painter.editor", "sc.terrain.painter.editor.csproj", "{E6C52161-3CA2-953F-5F91-D17A44F82C25}"
EndProject
Global
	GlobalSection(SolutionConfigurationPlatforms) = preSolution
		Debug|Any CPU = Debug|Any CPU
		Release|Any CPU = Release|Any CPU
	EndGlobalSection
	GlobalSection(ProjectConfigurationPlatforms) = postSolution
		{ABA53E5B-35E9-40DE-0C95-B784708A01B1}.Debug|Any CPU.ActiveCfg = Debug|Any CPU
		{ABA53E5B-35E9-40DE-0C95-B784708A01B1}.Debug|Any CPU.Build.0 = Debug|Any CPU
		{ABA53E5B-35E9-40DE-0C95-B784708A01B1}.Release|Any CPU.ActiveCfg = Release|Any CPU
		{ABA53E5B-35E9-40DE-0C95-B784708A01B1}.Release|Any CPU.Build.0 = Release|Any CPU
		{DCC1DD1B-74A8-CC92-85FB-D8269A67B57C}.Debug|Any CPU.ActiveCfg = Debug|Any CPU
		{DCC1DD1B-74A8-CC92-85FB-D8269A67B57C}.Debug|Any CPU.Build.0 = Debug|Any CPU
		{DCC1DD1B-74A8-CC92-85FB-D8269A67B57C}.Release|Any CPU.ActiveCfg = Release|Any CPU
		{DCC1DD1B-74A8-CC92-85FB-D8269A67B57C}.Release|Any CPU.Build.0 = Release|Any CPU
		{E6C52161-3CA2-953F-5F91-D17A44F82C25}.Debug|Any CPU.ActiveCfg = Debug|Any CPU
		{E6C52161-3CA2-953F-5F91-D17A44F82C25}.Debug|Any CPU.Build.0 = Debug|Any CPU
		{E6C52161-3CA2-953F-5F91-D17A44F82C25}.Release|Any CPU.ActiveCfg = Release|Any CPU
		{E6C52161-3CA2-953F-5F91-D17A44F82C25}.Release|Any CPU.Build.0 = Release|Any CPU
	EndGlobalSection
	GlobalSection(SolutionProperties) = preSolution
		HideSolutionNode = FALSE
	EndGlobalSection
EndGlobal
