
Microsoft Visual Studio Solution File, Format Version 12.00
# Visual Studio 15
Project("{FAE04EC0-301F-11D3-BF4B-00C04F79EFBC}") = "Assembly-CSharp", "Assembly-CSharp.csproj", "{59BD4FDC-2333-0C6E-027E-42579A50D483}"
EndProject
Project("{FAE04EC0-301F-11D3-BF4B-00C04F79EFBC}") = "sc.terrain.painter.runtime", "sc.terrain.painter.runtime.csproj", "{A78C0531-6272-D853-61F6-1B663AC74AA4}"
EndProject
Project("{FAE04EC0-301F-11D3-BF4B-00C04F79EFBC}") = "sc.terrain.painter.editor", "sc.terrain.painter.editor.csproj", "{77A239A8-1B45-7EF3-477A-78FC533D48E1}"
EndProject
Global
	GlobalSection(SolutionConfigurationPlatforms) = preSolution
		Debug|Any CPU = Debug|Any CPU
		Release|Any CPU = Release|Any CPU
	EndGlobalSection
	GlobalSection(ProjectConfigurationPlatforms) = postSolution
		{59BD4FDC-2333-0C6E-027E-42579A50D483}.Debug|Any CPU.ActiveCfg = Debug|Any CPU
		{59BD4FDC-2333-0C6E-027E-42579A50D483}.Debug|Any CPU.Build.0 = Debug|Any CPU
		{59BD4FDC-2333-0C6E-027E-42579A50D483}.Release|Any CPU.ActiveCfg = Release|Any CPU
		{59BD4FDC-2333-0C6E-027E-42579A50D483}.Release|Any CPU.Build.0 = Release|Any CPU
		{A78C0531-6272-D853-61F6-1B663AC74AA4}.Debug|Any CPU.ActiveCfg = Debug|Any CPU
		{A78C0531-6272-D853-61F6-1B663AC74AA4}.Debug|Any CPU.Build.0 = Debug|Any CPU
		{A78C0531-6272-D853-61F6-1B663AC74AA4}.Release|Any CPU.ActiveCfg = Release|Any CPU
		{A78C0531-6272-D853-61F6-1B663AC74AA4}.Release|Any CPU.Build.0 = Release|Any CPU
		{77A239A8-1B45-7EF3-477A-78FC533D48E1}.Debug|Any CPU.ActiveCfg = Debug|Any CPU
		{77A239A8-1B45-7EF3-477A-78FC533D48E1}.Debug|Any CPU.Build.0 = Debug|Any CPU
		{77A239A8-1B45-7EF3-477A-78FC533D48E1}.Release|Any CPU.ActiveCfg = Release|Any CPU
		{77A239A8-1B45-7EF3-477A-78FC533D48E1}.Release|Any CPU.Build.0 = Release|Any CPU
	EndGlobalSection
	GlobalSection(SolutionProperties) = preSolution
		HideSolutionNode = FALSE
	EndGlobalSection
EndGlobal
